# This file is automatically @generated by Cargo.
# It is not intended for manual editing.
version = 4

[[package]]
name = "autocfg"
version = "1.5.1"
source = "registry+https://github.com/rust-lang/crates.io-index"
checksum = "f2032f911046de80f0a198e0901378627c33f59ea0ac00e363d481118bd70a53"

[[package]]
name = "cfg-if"
version = "1.0.5"
source = "registry+https://github.com/rust-lang/crates.io-index"
checksum = "4e7648175b45a9a48536d676f68d918270699102aa8dab5496df06904c914600"

[[package]]
name = "dashu-base"
version = "0.6.0"
source = "registry+https://github.com/rust-lang/crates.io-index"
checksum = "fd9f3ef1b2d76f10fbc6a48d7b04e3dd8966242827ffcd987f3437c5e04ade21"
dependencies = [
 "num-modular",
]

[[package]]
name = "dashu-float"
version = "0.6.0"
source = "registry+https://github.com/rust-lang/crates.io-index"
checksum = "542f7e260ebc9c95bec696d5a948238bbcf5f7c5eb621160531841d585958ef1"
dependencies = [
 "dashu-base",
 "dashu-int",
 "static_assertions",
]

[[package]]
name = "dashu-int"
version = "0.6.0"
source = "registry+https://github.com/rust-lang/crates.io-index"
checksum = "87a89c01d9f8414897a573ab98d3bbb6b82be12017bb3c67920eb79830bcc620"
dependencies = [
 "cfg-if",
 "dashu-base",
 "num-modular",
 "num-order",
 "static_assertions",
]

[[package]]
name = "dashu-ratio"
version = "0.6.0"
source = "registry+https://github.com/rust-lang/crates.io-index"
checksum = "8636f5d52aa726fb8478f3f7a2be0bb617f1f110cf9669dba75a6a683900e8dc"
dependencies = [
 "dashu-base",
 "dashu-float",
 "dashu-int",
 "num-modular",
 "num-order",
]

[[package]]
name = "exact-arithmetic-bench"
version = "0.0.0"
dependencies = [
 "dashu-int",
 "dashu-ratio",
 "num-bigint 0.4.8",
 "num-bigint 0.5.1",
 "num-rational",
 "num-traits",
]

[[package]]
name = "num-bigint"
version = "0.4.8"
source = "registry+https://github.com/rust-lang/crates.io-index"
checksum = "c89e69e7e0f03bea5ef08013795c25018e101932225a656383bd384495ecc367"
dependencies = [
 "num-integer",
 "num-traits",
]

[[package]]
name = "num-bigint"
version = "0.5.1"
source = "registry+https://github.com/rust-lang/crates.io-index"
checksum = "93e7820bc0a80a0238e650327316f929ba18d5be054b647490a3a6a339f3e7c0"
dependencies = [
 "num-integer",
 "num-traits",
]

[[package]]
name = "num-integer"
version = "0.1.47"
source = "registry+https://github.com/rust-lang/crates.io-index"
checksum = "7ce2d95d4b3734dc35aa2f45e1aa22cd416814592a4f9d9205e11affd5b8e10b"
dependencies = [
 "num-traits",
]

[[package]]
name = "num-modular"
version = "0.6.5"
source = "registry+https://github.com/rust-lang/crates.io-index"
checksum = "bd8e500409e6cd603b03e477c26a6caecdc27ac58979a53e881c75eafc079f44"

[[package]]
name = "num-order"
version = "1.2.0"
source = "registry+https://github.com/rust-lang/crates.io-index"
checksum = "537b596b97c40fcf8056d153049eb22f481c17ebce72a513ec9286e4986d1bb6"
dependencies = [
 "num-modular",
]

[[package]]
name = "num-rational"
version = "0.4.2"
source = "registry+https://github.com/rust-lang/crates.io-index"
checksum = "f83d14da390562dca69fc84082e73e548e1ad308d24accdedd2720017cb37824"
dependencies = [
 "num-bigint 0.4.8",
 "num-integer",
 "num-traits",
]

[[package]]
name = "num-traits"
version = "0.2.19"
source = "registry+https://github.com/rust-lang/crates.io-index"
checksum = "071dfc062690e90b734c0b2273ce72ad0ffa95f0c74596bc250dcfd960262841"
dependencies = [
 "autocfg",
]

[[package]]
name = "static_assertions"
version = "1.1.0"
source = "registry+https://github.com/rust-lang/crates.io-index"
checksum = "a2eb9349b6444b326872e140eb1cf5e7c522154d69e7a0ffb0fb81c06b37543f"
